
Microsoft Visual Studio Solution File, Format Version 12.00
# Visual Studio Version 17
VisualStudioVersion = 17.0.31903.59
MinimumVisualStudioVersion = 10.0.40219.1
Project("{2150E333-8FDC-42A3-9474-1A3956D46DE8}") = "src", "src", "{1045A4C3-2946-4E81-83AF-67C84A5A4A6F}"
EndProject
Project("{FAE04EC0-301F-11D3-BF4B-00C04F79EFBC}") = "BookStore.WebApi", "src\BookStore.WebApi\BookStore.WebApi.csproj", "{D795DA0C-93C4-47BF-942F-C5F5608809C6}"
EndProject
Project("{FAE04EC0-301F-11D3-BF4B-00C04F79EFBC}") = "BookStore.Database", "src\BookStore.Database\BookStore.Database.csproj", "{F73E3DFA-5E9B-4AD4-867E-B98139518B0E}"
EndProject
Global
	GlobalSection(SolutionConfigurationPlatforms) = preSolution
		Debug|Any CPU = Debug|Any CPU
		Release|Any CPU = Release|Any CPU
	EndGlobalSection
	GlobalSection(SolutionProperties) = preSolution
		HideSolutionNode = FALSE
	EndGlobalSection
	GlobalSection(ProjectConfigurationPlatforms) = postSolution
		{D795DA0C-93C4-47BF-942F-C5F5608809C6}.Debug|Any CPU.ActiveCfg = Debug|Any CPU
		{D795DA0C-93C4-47BF-942F-C5F5608809C6}.Debug|Any CPU.Build.0 = Debug|Any CPU
		{D795DA0C-93C4-47BF-942F-C5F5608809C6}.Release|Any CPU.ActiveCfg = Release|Any CPU
		{D795DA0C-93C4-47BF-942F-C5F5608809C6}.Release|Any CPU.Build.0 = Release|Any CPU
		{F73E3DFA-5E9B-4AD4-867E-B98139518B0E}.Debug|Any CPU.ActiveCfg = Debug|Any CPU
		{F73E3DFA-5E9B-4AD4-867E-B98139518B0E}.Debug|Any CPU.Build.0 = Debug|Any CPU
		{F73E3DFA-5E9B-4AD4-867E-B98139518B0E}.Release|Any CPU.ActiveCfg = Release|Any CPU
		{F73E3DFA-5E9B-4AD4-867E-B98139518B0E}.Release|Any CPU.Build.0 = Release|Any CPU
	EndGlobalSection
	GlobalSection(NestedProjects) = preSolution
		{D795DA0C-93C4-47BF-942F-C5F5608809C6} = {1045A4C3-2946-4E81-83AF-67C84A5A4A6F}
		{F73E3DFA-5E9B-4AD4-867E-B98139518B0E} = {1045A4C3-2946-4E81-83AF-67C84A5A4A6F}
	EndGlobalSection
EndGlobal
